
Microsoft Visual Studio Solution File, Format Version 12.00
# Visual Studio Version 16
VisualStudioVersion = 16.0.33927.289
MinimumVisualStudioVersion = 10.0.40219.1
Project("{FAE04EC0-301F-11D3-BF4B-00C04F79EFBC}") = "Demo_RSA_STT", "Demo_RSA_STT\Demo_RSA_STT.csproj", "{4E75E145-6DCB-4FF5-9ACF-971AC99DF9CE}"
EndProject
Global
	GlobalSection(SolutionConfigurationPlatforms) = preSolution
		Debug|Any CPU = Debug|Any CPU
		Release|Any CPU = Release|Any CPU
	EndGlobalSection
	GlobalSection(ProjectConfigurationPlatforms) = postSolution
		{4E75E145-6DCB-4FF5-9ACF-971AC99DF9CE}.Debug|Any CPU.ActiveCfg = Debug|Any CPU
		{4E75E145-6DCB-4FF5-9ACF-971AC99DF9CE}.Debug|Any CPU.Build.0 = Debug|Any CPU
		{4E75E145-6DCB-4FF5-9ACF-971AC99DF9CE}.Release|Any CPU.ActiveCfg = Release|Any CPU
		{4E75E145-6DCB-4FF5-9ACF-971AC99DF9CE}.Release|Any CPU.Build.0 = Release|Any CPU
	EndGlobalSection
	GlobalSection(SolutionProperties) = preSolution
		HideSolutionNode = FALSE
	EndGlobalSection
	GlobalSection(ExtensibilityGlobals) = postSolution
		SolutionGuid = {06E405BE-5406-4ABD-8B23-3FDE83F8D0AA}
	EndGlobalSection
EndGlobal
